
Microsoft Visual Studio Solution File, Format Version 12.00
# Visual Studio Version 17
VisualStudioVersion = 17.3.32922.545
MinimumVisualStudioVersion = 10.0.40219.1
Project("{FAE04EC0-301F-11D3-BF4B-00C04F79EFBC}") = "SafePilotBrathers", "SafePilotBrathers\SafePilotBrathers.csproj", "{3B06248F-5AEA-43F0-8140-4B8084872E53}"
	ProjectSection(ProjectDependencies) = postProject
		{70E31133-6897-4384-91B1-2F4CD39CB306} = {70E31133-6897-4384-91B1-2F4CD39CB306}
	EndProjectSection
EndProject
Project("{FAE04EC0-301F-11D3-BF4B-00C04F79EFBC}") = "TestWPF", "TestWPF\TestWPF.csproj", "{70E31133-6897-4384-91B1-2F4CD39CB306}"
EndProject
Global
	GlobalSection(SolutionConfigurationPlatforms) = preSolution
		Debug|Any CPU = Debug|Any CPU
		Release|Any CPU = Release|Any CPU
	EndGlobalSection
	GlobalSection(ProjectConfigurationPlatforms) = postSolution
		{3B06248F-5AEA-43F0-8140-4B8084872E53}.Debug|Any CPU.ActiveCfg = Debug|Any CPU
		{3B06248F-5AEA-43F0-8140-4B8084872E53}.Debug|Any CPU.Build.0 = Debug|Any CPU
		{3B06248F-5AEA-43F0-8140-4B8084872E53}.Release|Any CPU.ActiveCfg = Release|Any CPU
		{3B06248F-5AEA-43F0-8140-4B8084872E53}.Release|Any CPU.Build.0 = Release|Any CPU
		{70E31133-6897-4384-91B1-2F4CD39CB306}.Debug|Any CPU.ActiveCfg = Debug|Any CPU
		{70E31133-6897-4384-91B1-2F4CD39CB306}.Debug|Any CPU.Build.0 = Debug|Any CPU
		{70E31133-6897-4384-91B1-2F4CD39CB306}.Release|Any CPU.ActiveCfg = Release|Any CPU
		{70E31133-6897-4384-91B1-2F4CD39CB306}.Release|Any CPU.Build.0 = Release|Any CPU
	EndGlobalSection
	GlobalSection(SolutionProperties) = preSolution
		HideSolutionNode = FALSE
	EndGlobalSection
	GlobalSection(ExtensibilityGlobals) = postSolution
		SolutionGuid = {CF377D4E-85A2-4E63-9C99-2A1D147E26C9}
	EndGlobalSection
EndGlobal
